
Microsoft Visual Studio Solution File, Format Version 12.00
# Visual Studio Version 17
VisualStudioVersion = 17.10.35013.160
MinimumVisualStudioVersion = 10.0.40219.1
Project("{FAE04EC0-301F-11D3-BF4B-00C04F79EFBC}") = "RESTApi", "RESTApi\RESTApi.csproj", "{68BF3E79-C672-4B64-85F0-3E7DB9D98313}"
EndProject
Global
	GlobalSection(SolutionConfigurationPlatforms) = preSolution
		Debug|Any CPU = Debug|Any CPU
		Release|Any CPU = Release|Any CPU
	EndGlobalSection
	GlobalSection(ProjectConfigurationPlatforms) = postSolution
		{68BF3E79-C672-4B64-85F0-3E7DB9D98313}.Debug|Any CPU.ActiveCfg = Debug|Any CPU
		{68BF3E79-C672-4B64-85F0-3E7DB9D98313}.Debug|Any CPU.Build.0 = Debug|Any CPU
		{68BF3E79-C672-4B64-85F0-3E7DB9D98313}.Release|Any CPU.ActiveCfg = Release|Any CPU
		{68BF3E79-C672-4B64-85F0-3E7DB9D98313}.Release|Any CPU.Build.0 = Release|Any CPU
	EndGlobalSection
	GlobalSection(SolutionProperties) = preSolution
		HideSolutionNode = FALSE
	EndGlobalSection
	GlobalSection(ExtensibilityGlobals) = postSolution
		SolutionGuid = {BE8860DD-7138-4A90-AC52-13A469A1E832}
	EndGlobalSection
EndGlobal
